
Microsoft Visual Studio Solution File, Format Version 12.00
# Visual Studio Version 17
VisualStudioVersion = 17.0.32112.339
MinimumVisualStudioVersion = 10.0.40219.1
Project("{9A19103F-16F7-4668-BE54-9A1E7A4F7556}") = "Bundle.Service", "Bundle.Service\Bundle.Service.csproj", "{186B0BD8-9A6B-4592-BE0F-F507F491E757}"
EndProject
Project("{9A19103F-16F7-4668-BE54-9A1E7A4F7556}") = "Bundle.Migrations", "Bundle.Migrations\Bundle.Migrations.csproj", "{62C60AE4-8F2C-4ACE-93C8-2894BE980C49}"
EndProject
Project("{9A19103F-16F7-4668-BE54-9A1E7A4F7556}") = "Bundle.Model", "Bundle.Model\Bundle.Model.csproj", "{9C683738-C865-4F05-A15E-DD6706498DA3}"
EndProject
Project("{FAE04EC0-301F-11D3-BF4B-00C04F79EFBC}") = "BundleAPI", "BundleAPI\BundleAPI.csproj", "{7F4C8A19-45A0-4708-B774-98B28548DCBF}"
EndProject
Global
	GlobalSection(SolutionConfigurationPlatforms) = preSolution
		Debug|Any CPU = Debug|Any CPU
		Release|Any CPU = Release|Any CPU
	EndGlobalSection
	GlobalSection(ProjectConfigurationPlatforms) = postSolution
		{186B0BD8-9A6B-4592-BE0F-F507F491E757}.Debug|Any CPU.ActiveCfg = Debug|Any CPU
		{186B0BD8-9A6B-4592-BE0F-F507F491E757}.Debug|Any CPU.Build.0 = Debug|Any CPU
		{186B0BD8-9A6B-4592-BE0F-F507F491E757}.Release|Any CPU.ActiveCfg = Release|Any CPU
		{186B0BD8-9A6B-4592-BE0F-F507F491E757}.Release|Any CPU.Build.0 = Release|Any CPU
		{62C60AE4-8F2C-4ACE-93C8-2894BE980C49}.Debug|Any CPU.ActiveCfg = Debug|Any CPU
		{62C60AE4-8F2C-4ACE-93C8-2894BE980C49}.Debug|Any CPU.Build.0 = Debug|Any CPU
		{62C60AE4-8F2C-4ACE-93C8-2894BE980C49}.Release|Any CPU.ActiveCfg = Release|Any CPU
		{62C60AE4-8F2C-4ACE-93C8-2894BE980C49}.Release|Any CPU.Build.0 = Release|Any CPU
		{9C683738-C865-4F05-A15E-DD6706498DA3}.Debug|Any CPU.ActiveCfg = Debug|Any CPU
		{9C683738-C865-4F05-A15E-DD6706498DA3}.Debug|Any CPU.Build.0 = Debug|Any CPU
		{9C683738-C865-4F05-A15E-DD6706498DA3}.Release|Any CPU.ActiveCfg = Release|Any CPU
		{9C683738-C865-4F05-A15E-DD6706498DA3}.Release|Any CPU.Build.0 = Release|Any CPU
		{7F4C8A19-45A0-4708-B774-98B28548DCBF}.Debug|Any CPU.ActiveCfg = Debug|Any CPU
		{7F4C8A19-45A0-4708-B774-98B28548DCBF}.Debug|Any CPU.Build.0 = Debug|Any CPU
		{7F4C8A19-45A0-4708-B774-98B28548DCBF}.Release|Any CPU.ActiveCfg = Release|Any CPU
		{7F4C8A19-45A0-4708-B774-98B28548DCBF}.Release|Any CPU.Build.0 = Release|Any CPU
	EndGlobalSection
	GlobalSection(SolutionProperties) = preSolution
		HideSolutionNode = FALSE
	EndGlobalSection
	GlobalSection(ExtensibilityGlobals) = postSolution
		SolutionGuid = {C0841A9E-C961-45C0-AD96-AA761CB5D709}
	EndGlobalSection
EndGlobal
